// !$*UTF8*$!
{
	archiveVersion = 1;
	classes = {
	};
	objectVersion = 56;
	objects = {

/* Begin PBXBuildFile section */
		921A9FB02A4DEDD10069FDA8 /* ButtonImage.swift in Sources */ = {isa = PBXBuildFile; fileRef = 921A9FAF2A4DEDD10069FDA8 /* ButtonImage.swift */; };
		921A9FB62A4E3BDD0069FDA8 /* UTType+Extensions.swift in Sources */ = {isa = PBXBuildFile; fileRef = 921A9FB52A4E3BDD0069FDA8 /* UTType+Extensions.swift */; };
		921A9FB82A4F3AA50069FDA8 /* ExportableLocaleDetailView.swift in Sources */ = {isa = PBXBuildFile; fileRef = 921A9FB72A4F3AA50069FDA8 /* ExportableLocaleDetailView.swift */; };
		921A9FBA2A4F3B570069FDA8 /* Array+Extensions.swift in Sources */ = {isa = PBXBuildFile; fileRef = 921A9FB92A4F3B570069FDA8 /* Array+Extensions.swift */; };
		921A9FCD2A4FA8590069FDA8 /* LProjHelper.swift in Sources */ = {isa = PBXBuildFile; fileRef = 921A9FCC2A4FA8590069FDA8 /* LProjHelper.swift */; };
		921A9FCF2A4FB4850069FDA8 /* String+Extensions.swift in Sources */ = {isa = PBXBuildFile; fileRef = 921A9FCE2A4FB4850069FDA8 /* String+Extensions.swift */; };
		921A9FDC2A53931E0069FDA8 /* ExportableStringSwiftFileView.swift in Sources */ = {isa = PBXBuildFile; fileRef = 921A9FDB2A53931E0069FDA8 /* ExportableStringSwiftFileView.swift */; };
		921A9FDF2A5394390069FDA8 /* ExportableStringSwiftFileViewModel.swift in Sources */ = {isa = PBXBuildFile; fileRef = 921A9FDE2A5394390069FDA8 /* ExportableStringSwiftFileViewModel.swift */; };
		924455CF2A4B081B0043C48D /* EasyLocaleApp.swift in Sources */ = {isa = PBXBuildFile; fileRef = 924455CE2A4B081B0043C48D /* EasyLocaleApp.swift */; };
		924455D12A4B081B0043C48D /* ContentView.swift in Sources */ = {isa = PBXBuildFile; fileRef = 924455D02A4B081B0043C48D /* ContentView.swift */; };
		924455D32A4B081D0043C48D /* Assets.xcassets in Resources */ = {isa = PBXBuildFile; fileRef = 924455D22A4B081D0043C48D /* Assets.xcassets */; };
		924455D62A4B081D0043C48D /* Preview Assets.xcassets in Resources */ = {isa = PBXBuildFile; fileRef = 924455D52A4B081D0043C48D /* Preview Assets.xcassets */; };
		924455E12A4B081D0043C48D /* EasyLocaleTests.swift in Sources */ = {isa = PBXBuildFile; fileRef = 924455E02A4B081D0043C48D /* EasyLocaleTests.swift */; };
		924455EB2A4B081D0043C48D /* EasyLocaleUITests.swift in Sources */ = {isa = PBXBuildFile; fileRef = 924455EA2A4B081D0043C48D /* EasyLocaleUITests.swift */; };
		924455ED2A4B081E0043C48D /* EasyLocaleUITestsLaunchTests.swift in Sources */ = {isa = PBXBuildFile; fileRef = 924455EC2A4B081E0043C48D /* EasyLocaleUITestsLaunchTests.swift */; };
		924456082A4B88980043C48D /* TranslateViewModel.swift in Sources */ = {isa = PBXBuildFile; fileRef = 924456072A4B88980043C48D /* TranslateViewModel.swift */; };
		9244560A2A4B90BE0043C48D /* languages.json in Resources */ = {isa = PBXBuildFile; fileRef = 924456092A4B90BE0043C48D /* languages.json */; };
		9244560C2A4B91430043C48D /* Language.swift in Sources */ = {isa = PBXBuildFile; fileRef = 9244560B2A4B91430043C48D /* Language.swift */; };
		924456112A4B9BA60043C48D /* LanguageWrapper.swift in Sources */ = {isa = PBXBuildFile; fileRef = 924456102A4B9BA60043C48D /* LanguageWrapper.swift */; };
		924456132A4B9BEA0043C48D /* ExportableLanguage.swift in Sources */ = {isa = PBXBuildFile; fileRef = 924456122A4B9BEA0043C48D /* ExportableLanguage.swift */; };
		924456382A4BABE60043C48D /* LanguageListView.swift in Sources */ = {isa = PBXBuildFile; fileRef = 924456372A4BABE60043C48D /* LanguageListView.swift */; };
		9244563A2A4BAC380043C48D /* Label+SystemImage.swift in Sources */ = {isa = PBXBuildFile; fileRef = 924456392A4BAC380043C48D /* Label+SystemImage.swift */; };
		9244563C2A4BAF860043C48D /* Constants.swift in Sources */ = {isa = PBXBuildFile; fileRef = 9244563B2A4BAF860043C48D /* Constants.swift */; };
		9244563E2A4C4BF20043C48D /* ExportableLocaleListView.swift in Sources */ = {isa = PBXBuildFile; fileRef = 9244563D2A4C4BF20043C48D /* ExportableLocaleListView.swift */; };
		924456452A4C9C6F0043C48D /* Info.plist in Resources */ = {isa = PBXBuildFile; fileRef = 924456442A4C9C6F0043C48D /* Info.plist */; };
/* End PBXBuildFile section */

/* Begin PBXContainerItemProxy section */
		924455DD2A4B081D0043C48D /* PBXContainerItemProxy */ = {
			isa = PBXContainerItemProxy;
			containerPortal = 924455C32A4B081B0043C48D /* Project object */;
			proxyType = 1;
			remoteGlobalIDString = 924455CA2A4B081B0043C48D;
			remoteInfo = EasyLocale;
		};
		924455E72A4B081D0043C48D /* PBXContainerItemProxy */ = {
			isa = PBXContainerItemProxy;
			containerPortal = 924455C32A4B081B0043C48D /* Project object */;
			proxyType = 1;
			remoteGlobalIDString = 924455CA2A4B081B0043C48D;
			remoteInfo = EasyLocale;
		};
/* End PBXContainerItemProxy section */

/* Begin PBXFileReference section */
		921A9FAF2A4DEDD10069FDA8 /* ButtonImage.swift */ = {isa = PBXFileReference; lastKnownFileType = sourcecode.swift; path = ButtonImage.swift; sourceTree = "<group>"; };
		921A9FB52A4E3BDD0069FDA8 /* UTType+Extensions.swift */ = {isa = PBXFileReference; lastKnownFileType = sourcecode.swift; path = "UTType+Extensions.swift"; sourceTree = "<group>"; };
		921A9FB72A4F3AA50069FDA8 /* ExportableLocaleDetailView.swift */ = {isa = PBXFileReference; lastKnownFileType = sourcecode.swift; path = ExportableLocaleDetailView.swift; sourceTree = "<group>"; };
		921A9FB92A4F3B570069FDA8 /* Array+Extensions.swift */ = {isa = PBXFileReference; lastKnownFileType = sourcecode.swift; path = "Array+Extensions.swift"; sourceTree = "<group>"; };
		921A9FCC2A4FA8590069FDA8 /* LProjHelper.swift */ = {isa = PBXFileReference; lastKnownFileType = sourcecode.swift; path = LProjHelper.swift; sourceTree = "<group>"; };
		921A9FCE2A4FB4850069FDA8 /* String+Extensions.swift */ = {isa = PBXFileReference; lastKnownFileType = sourcecode.swift; path = "String+Extensions.swift"; sourceTree = "<group>"; };
		921A9FDB2A53931E0069FDA8 /* ExportableStringSwiftFileView.swift */ = {isa = PBXFileReference; lastKnownFileType = sourcecode.swift; path = ExportableStringSwiftFileView.swift; sourceTree = "<group>"; };
		921A9FDE2A5394390069FDA8 /* ExportableStringSwiftFileViewModel.swift */ = {isa = PBXFileReference; lastKnownFileType = sourcecode.swift; path = ExportableStringSwiftFileViewModel.swift; sourceTree = "<group>"; };
		924455CB2A4B081B0043C48D /* EasyLocale.app */ = {isa = PBXFileReference; explicitFileType = wrapper.application; includeInIndex = 0; path = EasyLocale.app; sourceTree = BUILT_PRODUCTS_DIR; };
		924455CE2A4B081B0043C48D /* EasyLocaleApp.swift */ = {isa = PBXFileReference; lastKnownFileType = sourcecode.swift; path = EasyLocaleApp.swift; sourceTree = "<group>"; };
		924455D02A4B081B0043C48D /* ContentView.swift */ = {isa = PBXFileReference; lastKnownFileType = sourcecode.swift; path = ContentView.swift; sourceTree = "<group>"; };
		924455D22A4B081D0043C48D /* Assets.xcassets */ = {isa = PBXFileReference; lastKnownFileType = folder.assetcatalog; path = Assets.xcassets; sourceTree = "<group>"; };
		924455D52A4B081D0043C48D /* Preview Assets.xcassets */ = {isa = PBXFileReference; lastKnownFileType = folder.assetcatalog; path = "Preview Assets.xcassets"; sourceTree = "<group>"; };
		924455D72A4B081D0043C48D /* EasyLocale.entitlements */ = {isa = PBXFileReference; lastKnownFileType = text.plist.entitlements; path = EasyLocale.entitlements; sourceTree = "<group>"; };
		924455DC2A4B081D0043C48D /* EasyLocaleTests.xctest */ = {isa = PBXFileReference; explicitFileType = wrapper.cfbundle; includeInIndex = 0; path = EasyLocaleTests.xctest; sourceTree = BUILT_PRODUCTS_DIR; };
		924455E02A4B081D0043C48D /* EasyLocaleTests.swift */ = {isa = PBXFileReference; lastKnownFileType = sourcecode.swift; path = EasyLocaleTests.swift; sourceTree = "<group>"; };
		924455E62A4B081D0043C48D /* EasyLocaleUITests.xctest */ = {isa = PBXFileReference; explicitFileType = wrapper.cfbundle; includeInIndex = 0; path = EasyLocaleUITests.xctest; sourceTree = BUILT_PRODUCTS_DIR; };
		924455EA2A4B081D0043C48D /* EasyLocaleUITests.swift */ = {isa = PBXFileReference; lastKnownFileType = sourcecode.swift; path = EasyLocaleUITests.swift; sourceTree = "<group>"; };
		924455EC2A4B081E0043C48D /* EasyLocaleUITestsLaunchTests.swift */ = {isa = PBXFileReference; lastKnownFileType = sourcecode.swift; path = EasyLocaleUITestsLaunchTests.swift; sourceTree = "<group>"; };
		924456072A4B88980043C48D /* TranslateViewModel.swift */ = {isa = PBXFileReference; lastKnownFileType = sourcecode.swift; path = TranslateViewModel.swift; sourceTree = "<group>"; };
		924456092A4B90BE0043C48D /* languages.json */ = {isa = PBXFileReference; lastKnownFileType = text.json; path = languages.json; sourceTree = "<group>"; };
		9244560B2A4B91430043C48D /* Language.swift */ = {isa = PBXFileReference; lastKnownFileType = sourcecode.swift; path = Language.swift; sourceTree = "<group>"; };
		924456102A4B9BA60043C48D /* LanguageWrapper.swift */ = {isa = PBXFileReference; lastKnownFileType = sourcecode.swift; path = LanguageWrapper.swift; sourceTree = "<group>"; };
		924456122A4B9BEA0043C48D /* ExportableLanguage.swift */ = {isa = PBXFileReference; lastKnownFileType = sourcecode.swift; path = ExportableLanguage.swift; sourceTree = "<group>"; };
		924456372A4BABE60043C48D /* LanguageListView.swift */ = {isa = PBXFileReference; lastKnownFileType = sourcecode.swift; path = LanguageListView.swift; sourceTree = "<group>"; };
		924456392A4BAC380043C48D /* Label+SystemImage.swift */ = {isa = PBXFileReference; lastKnownFileType = sourcecode.swift; path = "Label+SystemImage.swift"; sourceTree = "<group>"; };
		9244563B2A4BAF860043C48D /* Constants.swift */ = {isa = PBXFileReference; lastKnownFileType = sourcecode.swift; path = Constants.swift; sourceTree = "<group>"; };
		9244563D2A4C4BF20043C48D /* ExportableLocaleListView.swift */ = {isa = PBXFileReference; lastKnownFileType = sourcecode.swift; path = ExportableLocaleListView.swift; sourceTree = "<group>"; };
		924456442A4C9C6F0043C48D /* Info.plist */ = {isa = PBXFileReference; lastKnownFileType = text.plist; path = Info.plist; sourceTree = "<group>"; };
/* End PBXFileReference section */

/* Begin PBXFrameworksBuildPhase section */
		924455C82A4B081B0043C48D /* Frameworks */ = {
			isa = PBXFrameworksBuildPhase;
			buildActionMask = 2147483647;
			files = (
			);
			runOnlyForDeploymentPostprocessing = 0;
		};
		924455D92A4B081D0043C48D /* Frameworks */ = {
			isa = PBXFrameworksBuildPhase;
			buildActionMask = 2147483647;
			files = (
			);
			runOnlyForDeploymentPostprocessing = 0;
		};
		924455E32A4B081D0043C48D /* Frameworks */ = {
			isa = PBXFrameworksBuildPhase;
			buildActionMask = 2147483647;
			files = (
			);
			runOnlyForDeploymentPostprocessing = 0;
		};
/* End PBXFrameworksBuildPhase section */

/* Begin PBXGroup section */
		921A9FDD2A5394240069FDA8 /* ExportableStringSwift */ = {
			isa = PBXGroup;
			children = (
				921A9FDB2A53931E0069FDA8 /* ExportableStringSwiftFileView.swift */,
				921A9FDE2A5394390069FDA8 /* ExportableStringSwiftFileViewModel.swift */,
			);
			path = ExportableStringSwift;
			sourceTree = "<group>";
		};
		924455C22A4B081B0043C48D = {
			isa = PBXGroup;
			children = (
				924455CD2A4B081B0043C48D /* EasyLocale */,
				924455DF2A4B081D0043C48D /* EasyLocaleTests */,
				924455E92A4B081D0043C48D /* EasyLocaleUITests */,
				924455CC2A4B081B0043C48D /* Products */,
			);
			sourceTree = "<group>";
		};
		924455CC2A4B081B0043C48D /* Products */ = {
			isa = PBXGroup;
			children = (
				924455CB2A4B081B0043C48D /* EasyLocale.app */,
				924455DC2A4B081D0043C48D /* EasyLocaleTests.xctest */,
				924455E62A4B081D0043C48D /* EasyLocaleUITests.xctest */,
			);
			name = Products;
			sourceTree = "<group>";
		};
		924455CD2A4B081B0043C48D /* EasyLocale */ = {
			isa = PBXGroup;
			children = (
				924455CE2A4B081B0043C48D /* EasyLocaleApp.swift */,
				924455D02A4B081B0043C48D /* ContentView.swift */,
				924455D22A4B081D0043C48D /* Assets.xcassets */,
				924455D72A4B081D0043C48D /* EasyLocale.entitlements */,
				924455D42A4B081D0043C48D /* Preview Content */,
				924456072A4B88980043C48D /* TranslateViewModel.swift */,
				924456092A4B90BE0043C48D /* languages.json */,
				9244560B2A4B91430043C48D /* Language.swift */,
				924456102A4B9BA60043C48D /* LanguageWrapper.swift */,
				924456122A4B9BEA0043C48D /* ExportableLanguage.swift */,
				924456372A4BABE60043C48D /* LanguageListView.swift */,
				924456392A4BAC380043C48D /* Label+SystemImage.swift */,
				9244563B2A4BAF860043C48D /* Constants.swift */,
				9244563D2A4C4BF20043C48D /* ExportableLocaleListView.swift */,
				924456442A4C9C6F0043C48D /* Info.plist */,
				921A9FAF2A4DEDD10069FDA8 /* ButtonImage.swift */,
				921A9FB52A4E3BDD0069FDA8 /* UTType+Extensions.swift */,
				921A9FB72A4F3AA50069FDA8 /* ExportableLocaleDetailView.swift */,
				921A9FB92A4F3B570069FDA8 /* Array+Extensions.swift */,
				921A9FCC2A4FA8590069FDA8 /* LProjHelper.swift */,
				921A9FCE2A4FB4850069FDA8 /* String+Extensions.swift */,
				921A9FDD2A5394240069FDA8 /* ExportableStringSwift */,
			);
			path = EasyLocale;
			sourceTree = "<group>";
		};
		924455D42A4B081D0043C48D /* Preview Content */ = {
			isa = PBXGroup;
			children = (
				924455D52A4B081D0043C48D /* Preview Assets.xcassets */,
			);
			path = "Preview Content";
			sourceTree = "<group>";
		};
		924455DF2A4B081D0043C48D /* EasyLocaleTests */ = {
			isa = PBXGroup;
			children = (
				924455E02A4B081D0043C48D /* EasyLocaleTests.swift */,
			);
			path = EasyLocaleTests;
			sourceTree = "<group>";
		};
		924455E92A4B081D0043C48D /* EasyLocaleUITests */ = {
			isa = PBXGroup;
			children = (
				924455EA2A4B081D0043C48D /* EasyLocaleUITests.swift */,
				924455EC2A4B081E0043C48D /* EasyLocaleUITestsLaunchTests.swift */,
			);
			path = EasyLocaleUITests;
			sourceTree = "<group>";
		};
/* End PBXGroup section */

/* Begin PBXNativeTarget section */
		924455CA2A4B081B0043C48D /* EasyLocale */ = {
			isa = PBXNativeTarget;
			buildConfigurationList = 924455F02A4B081E0043C48D /* Build configuration list for PBXNativeTarget "EasyLocale" */;
			buildPhases = (
				924455C72A4B081B0043C48D /* Sources */,
				924455C82A4B081B0043C48D /* Frameworks */,
				924455C92A4B081B0043C48D /* Resources */,
			);
			buildRules = (
			);
			dependencies = (
			);
			name = EasyLocale;
			productName = EasyLocale;
			productReference = 924455CB2A4B081B0043C48D /* EasyLocale.app */;
			productType = "com.apple.product-type.application";
		};
		924455DB2A4B081D0043C48D /* EasyLocaleTests */ = {
			isa = PBXNativeTarget;
			buildConfigurationList = 924455F32A4B081E0043C48D /* Build configuration list for PBXNativeTarget "EasyLocaleTests" */;
			buildPhases = (
				924455D82A4B081D0043C48D /* Sources */,
				924455D92A4B081D0043C48D /* Frameworks */,
				924455DA2A4B081D0043C48D /* Resources */,
			);
			buildRules = (
			);
			dependencies = (
				924455DE2A4B081D0043C48D /* PBXTargetDependency */,
			);
			name = EasyLocaleTests;
			productName = EasyLocaleTests;
			productReference = 924455DC2A4B081D0043C48D /* EasyLocaleTests.xctest */;
			productType = "com.apple.product-type.bundle.unit-test";
		};
		924455E52A4B081D0043C48D /* EasyLocaleUITests */ = {
			isa = PBXNativeTarget;
			buildConfigurationList = 924455F62A4B081E0043C48D /* Build configuration list for PBXNativeTarget "EasyLocaleUITests" */;
			buildPhases = (
				924455E22A4B081D0043C48D /* Sources */,
				924455E32A4B081D0043C48D /* Frameworks */,
				924455E42A4B081D0043C48D /* Resources */,
			);
			buildRules = (
			);
			dependencies = (
				924455E82A4B081D0043C48D /* PBXTargetDependency */,
			);
			name = EasyLocaleUITests;
			productName = EasyLocaleUITests;
			productReference = 924455E62A4B081D0043C48D /* EasyLocaleUITests.xctest */;
			productType = "com.apple.product-type.bundle.ui-testing";
		};
/* End PBXNativeTarget section */

/* Begin PBXProject section */
		924455C32A4B081B0043C48D /* Project object */ = {
			isa = PBXProject;
			attributes = {
				BuildIndependentTargetsInParallel = 1;
				LastSwiftUpdateCheck = 1420;
				LastUpgradeCheck = 1420;
				TargetAttributes = {
					924455CA2A4B081B0043C48D = {
						CreatedOnToolsVersion = 14.2;
					};
					924455DB2A4B081D0043C48D = {
						CreatedOnToolsVersion = 14.2;
						TestTargetID = 924455CA2A4B081B0043C48D;
					};
					924455E52A4B081D0043C48D = {
						CreatedOnToolsVersion = 14.2;
						TestTargetID = 924455CA2A4B081B0043C48D;
					};
				};
			};
			buildConfigurationList = 924455C62A4B081B0043C48D /* Build configuration list for PBXProject "EasyLocale" */;
			compatibilityVersion = "Xcode 14.0";
			developmentRegion = en;
			hasScannedForEncodings = 0;
			knownRegions = (
				en,
				Base,
			);
			mainGroup = 924455C22A4B081B0043C48D;
			productRefGroup = 924455CC2A4B081B0043C48D /* Products */;
			projectDirPath = "";
			projectRoot = "";
			targets = (
				924455CA2A4B081B0043C48D /* EasyLocale */,
				924455DB2A4B081D0043C48D /* EasyLocaleTests */,
				924455E52A4B081D0043C48D /* EasyLocaleUITests */,
			);
		};
/* End PBXProject section */

/* Begin PBXResourcesBuildPhase section */
		924455C92A4B081B0043C48D /* Resources */ = {
			isa = PBXResourcesBuildPhase;
			buildActionMask = 2147483647;
			files = (
				924456452A4C9C6F0043C48D /* Info.plist in Resources */,
				9244560A2A4B90BE0043C48D /* languages.json in Resources */,
				924455D62A4B081D0043C48D /* Preview Assets.xcassets in Resources */,
				924455D32A4B081D0043C48D /* Assets.xcassets in Resources */,
			);
			runOnlyForDeploymentPostprocessing = 0;
		};
		924455DA2A4B081D0043C48D /* Resources */ = {
			isa = PBXResourcesBuildPhase;
			buildActionMask = 2147483647;
			files = (
			);
			runOnlyForDeploymentPostprocessing = 0;
		};
		924455E42A4B081D0043C48D /* Resources */ = {
			isa = PBXResourcesBuildPhase;
			buildActionMask = 2147483647;
			files = (
			);
			runOnlyForDeploymentPostprocessing = 0;
		};
/* End PBXResourcesBuildPhase section */

/* Begin PBXSourcesBuildPhase section */
		924455C72A4B081B0043C48D /* Sources */ = {
			isa = PBXSourcesBuildPhase;
			buildActionMask = 2147483647;
			files = (
				921A9FB62A4E3BDD0069FDA8 /* UTType+Extensions.swift in Sources */,
				924456082A4B88980043C48D /* TranslateViewModel.swift in Sources */,
				921A9FB82A4F3AA50069FDA8 /* ExportableLocaleDetailView.swift in Sources */,
				921A9FCD2A4FA8590069FDA8 /* LProjHelper.swift in Sources */,
				921A9FCF2A4FB4850069FDA8 /* String+Extensions.swift in Sources */,
				921A9FBA2A4F3B570069FDA8 /* Array+Extensions.swift in Sources */,
				921A9FB02A4DEDD10069FDA8 /* ButtonImage.swift in Sources */,
				924456132A4B9BEA0043C48D /* ExportableLanguage.swift in Sources */,
				9244560C2A4B91430043C48D /* Language.swift in Sources */,
				924455D12A4B081B0043C48D /* ContentView.swift in Sources */,
				921A9FDC2A53931E0069FDA8 /* ExportableStringSwiftFileView.swift in Sources */,
				9244563E2A4C4BF20043C48D /* ExportableLocaleListView.swift in Sources */,
				924455CF2A4B081B0043C48D /* EasyLocaleApp.swift in Sources */,
				9244563A2A4BAC380043C48D /* Label+SystemImage.swift in Sources */,
				924456112A4B9BA60043C48D /* LanguageWrapper.swift in Sources */,
				921A9FDF2A5394390069FDA8 /* ExportableStringSwiftFileViewModel.swift in Sources */,
				924456382A4BABE60043C48D /* LanguageListView.swift in Sources */,
				9244563C2A4BAF860043C48D /* Constants.swift in Sources */,
			);
			runOnlyForDeploymentPostprocessing = 0;
		};
		924455D82A4B081D0043C48D /* Sources */ = {
			isa = PBXSourcesBuildPhase;
			buildActionMask = 2147483647;
			files = (
				924455E12A4B081D0043C48D /* EasyLocaleTests.swift in Sources */,
			);
			runOnlyForDeploymentPostprocessing = 0;
		};
		924455E22A4B081D0043C48D /* Sources */ = {
			isa = PBXSourcesBuildPhase;
			buildActionMask = 2147483647;
			files = (
				924455ED2A4B081E0043C48D /* EasyLocaleUITestsLaunchTests.swift in Sources */,
				924455EB2A4B081D0043C48D /* EasyLocaleUITests.swift in Sources */,
			);
			runOnlyForDeploymentPostprocessing = 0;
		};
/* End PBXSourcesBuildPhase section */

/* Begin PBXTargetDependency section */
		924455DE2A4B081D0043C48D /* PBXTargetDependency */ = {
			isa = PBXTargetDependency;
			target = 924455CA2A4B081B0043C48D /* EasyLocale */;
			targetProxy = 924455DD2A4B081D0043C48D /* PBXContainerItemProxy */;
		};
		924455E82A4B081D0043C48D /* PBXTargetDependency */ = {
			isa = PBXTargetDependency;
			target = 924455CA2A4B081B0043C48D /* EasyLocale */;
			targetProxy = 924455E72A4B081D0043C48D /* PBXContainerItemProxy */;
		};
/* End PBXTargetDependency section */

/* Begin XCBuildConfiguration section */
		924455EE2A4B081E0043C48D /* Debug */ = {
			isa = XCBuildConfiguration;
			buildSettings = {
				ALWAYS_SEARCH_USER_PATHS = NO;
				CLANG_ANALYZER_NONNULL = YES;
				CLANG_ANALYZER_NUMBER_OBJECT_CONVERSION = YES_AGGRESSIVE;
				CLANG_CXX_LANGUAGE_STANDARD = "gnu++20";
				CLANG_ENABLE_MODULES = YES;
				CLANG_ENABLE_OBJC_ARC = YES;
				CLANG_ENABLE_OBJC_WEAK = YES;
				CLANG_WARN_BLOCK_CAPTURE_AUTORELEASING = YES;
				CLANG_WARN_BOOL_CONVERSION = YES;
				CLANG_WARN_COMMA = YES;
				CLANG_WARN_CONSTANT_CONVERSION = YES;
				CLANG_WARN_DEPRECATED_OBJC_IMPLEMENTATIONS = YES;
				CLANG_WARN_DIRECT_OBJC_ISA_USAGE = YES_ERROR;
				CLANG_WARN_DOCUMENTATION_COMMENTS = YES;
				CLANG_WARN_EMPTY_BODY = YES;
				CLANG_WARN_ENUM_CONVERSION = YES;
				CLANG_WARN_INFINITE_RECURSION = YES;
				CLANG_WARN_INT_CONVERSION = YES;
				CLANG_WARN_NON_LITERAL_NULL_CONVERSION = YES;
				CLANG_WARN_OBJC_IMPLICIT_RETAIN_SELF = YES;
				CLANG_WARN_OBJC_LITERAL_CONVERSION = YES;
				CLANG_WARN_OBJC_ROOT_CLASS = YES_ERROR;
				CLANG_WARN_QUOTED_INCLUDE_IN_FRAMEWORK_HEADER = YES;
				CLANG_WARN_RANGE_LOOP_ANALYSIS = YES;
				CLANG_WARN_STRICT_PROTOTYPES = YES;
				CLANG_WARN_SUSPICIOUS_MOVE = YES;
				CLANG_WARN_UNGUARDED_AVAILABILITY = YES_AGGRESSIVE;
				CLANG_WARN_UNREACHABLE_CODE = YES;
				CLANG_WARN__DUPLICATE_METHOD_MATCH = YES;
				COPY_PHASE_STRIP = NO;
				DEBUG_INFORMATION_FORMAT = dwarf;
				ENABLE_STRICT_OBJC_MSGSEND = YES;
				ENABLE_TESTABILITY = YES;
				GCC_C_LANGUAGE_STANDARD = gnu11;
				GCC_DYNAMIC_NO_PIC = NO;
				GCC_NO_COMMON_BLOCKS = YES;
				GCC_OPTIMIZATION_LEVEL = 0;
				GCC_PREPROCESSOR_DEFINITIONS = (
					"DEBUG=1",
					"$(inherited)",
				);
				GCC_WARN_64_TO_32_BIT_CONVERSION = YES;
				GCC_WARN_ABOUT_RETURN_TYPE = YES_ERROR;
				GCC_WARN_UNDECLARED_SELECTOR = YES;
				GCC_WARN_UNINITIALIZED_AUTOS = YES_AGGRESSIVE;
				GCC_WARN_UNUSED_FUNCTION = YES;
				GCC_WARN_UNUSED_VARIABLE = YES;
				MACOSX_DEPLOYMENT_TARGET = 13.1;
				MTL_ENABLE_DEBUG_INFO = INCLUDE_SOURCE;
				MTL_FAST_MATH = YES;
				ONLY_ACTIVE_ARCH = YES;
				SDKROOT = macosx;
				SWIFT_ACTIVE_COMPILATION_CONDITIONS = DEBUG;
				SWIFT_OPTIMIZATION_LEVEL = "-Onone";
			};
			name = Debug;
		};
		924455EF2A4B081E0043C48D /* Release */ = {
			isa = XCBuildConfiguration;
			buildSettings = {
				ALWAYS_SEARCH_USER_PATHS = NO;
				CLANG_ANALYZER_NONNULL = YES;
				CLANG_ANALYZER_NUMBER_OBJECT_CONVERSION = YES_AGGRESSIVE;
				CLANG_CXX_LANGUAGE_STANDARD = "gnu++20";
				CLANG_ENABLE_MODULES = YES;
				CLANG_ENABLE_OBJC_ARC = YES;
				CLANG_ENABLE_OBJC_WEAK = YES;
				CLANG_WARN_BLOCK_CAPTURE_AUTORELEASING = YES;
				CLANG_WARN_BOOL_CONVERSION = YES;
				CLANG_WARN_COMMA = YES;
				CLANG_WARN_CONSTANT_CONVERSION = YES;
				CLANG_WARN_DEPRECATED_OBJC_IMPLEMENTATIONS = YES;
				CLANG_WARN_DIRECT_OBJC_ISA_USAGE = YES_ERROR;
				CLANG_WARN_DOCUMENTATION_COMMENTS = YES;
				CLANG_WARN_EMPTY_BODY = YES;
				CLANG_WARN_ENUM_CONVERSION = YES;
				CLANG_WARN_INFINITE_RECURSION = YES;
				CLANG_WARN_INT_CONVERSION = YES;
				CLANG_WARN_NON_LITERAL_NULL_CONVERSION = YES;
				CLANG_WARN_OBJC_IMPLICIT_RETAIN_SELF = YES;
				CLANG_WARN_OBJC_LITERAL_CONVERSION = YES;
				CLANG_WARN_OBJC_ROOT_CLASS = YES_ERROR;
				CLANG_WARN_QUOTED_INCLUDE_IN_FRAMEWORK_HEADER = YES;
				CLANG_WARN_RANGE_LOOP_ANALYSIS = YES;
				CLANG_WARN_STRICT_PROTOTYPES = YES;
				CLANG_WARN_SUSPICIOUS_MOVE = YES;
				CLANG_WARN_UNGUARDED_AVAILABILITY = YES_AGGRESSIVE;
				CLANG_WARN_UNREACHABLE_CODE = YES;
				CLANG_WARN__DUPLICATE_METHOD_MATCH = YES;
				COPY_PHASE_STRIP = NO;
				DEBUG_INFORMATION_FORMAT = "dwarf-with-dsym";
				ENABLE_NS_ASSERTIONS = NO;
				ENABLE_STRICT_OBJC_MSGSEND = YES;
				GCC_C_LANGUAGE_STANDARD = gnu11;
				GCC_NO_COMMON_BLOCKS = YES;
				GCC_WARN_64_TO_32_BIT_CONVERSION = YES;
				GCC_WARN_ABOUT_RETURN_TYPE = YES_ERROR;
				GCC_WARN_UNDECLARED_SELECTOR = YES;
				GCC_WARN_UNINITIALIZED_AUTOS = YES_AGGRESSIVE;
				GCC_WARN_UNUSED_FUNCTION = YES;
				GCC_WARN_UNUSED_VARIABLE = YES;
				MACOSX_DEPLOYMENT_TARGET = 13.1;
				MTL_ENABLE_DEBUG_INFO = NO;
				MTL_FAST_MATH = YES;
				SDKROOT = macosx;
				SWIFT_COMPILATION_MODE = wholemodule;
				SWIFT_OPTIMIZATION_LEVEL = "-O";
			};
			name = Release;
		};
		924455F12A4B081E0043C48D /* Debug */ = {
			isa = XCBuildConfiguration;
			buildSettings = {
				ASSETCATALOG_COMPILER_APPICON_NAME = AppIcon;
				ASSETCATALOG_COMPILER_GLOBAL_ACCENT_COLOR_NAME = AccentColor;
				CODE_SIGN_ENTITLEMENTS = EasyLocale/EasyLocale.entitlements;
				CODE_SIGN_STYLE = Automatic;
				COMBINE_HIDPI_IMAGES = YES;
				CURRENT_PROJECT_VERSION = 1;
				DEVELOPMENT_ASSET_PATHS = "\"EasyLocale/Preview Content\"";
				ENABLE_PREVIEWS = YES;
				GENERATE_INFOPLIST_FILE = YES;
				INFOPLIST_FILE = EasyLocale/Info.plist;
				INFOPLIST_KEY_NSHumanReadableCopyright = "";
				LD_RUNPATH_SEARCH_PATHS = (
					"$(inherited)",
					"@executable_path/../Frameworks",
				);
				MARKETING_VERSION = 1.0;
				PRODUCT_BUNDLE_IDENTIFIER = br.com.rafa.EasyLocale;
				PRODUCT_NAME = "$(TARGET_NAME)";
				SWIFT_EMIT_LOC_STRINGS = YES;
				SWIFT_VERSION = 5.0;
			};
			name = Debug;
		};
		924455F22A4B081E0043C48D /* Release */ = {
			isa = XCBuildConfiguration;
			buildSettings = {
				ASSETCATALOG_COMPILER_APPICON_NAME = AppIcon;
				ASSETCATALOG_COMPILER_GLOBAL_ACCENT_COLOR_NAME = AccentColor;
				CODE_SIGN_ENTITLEMENTS = EasyLocale/EasyLocale.entitlements;
				CODE_SIGN_STYLE = Automatic;
				COMBINE_HIDPI_IMAGES = YES;
				CURRENT_PROJECT_VERSION = 1;
				DEVELOPMENT_ASSET_PATHS = "\"EasyLocale/Preview Content\"";
				ENABLE_PREVIEWS = YES;
				GENERATE_INFOPLIST_FILE = YES;
				INFOPLIST_FILE = EasyLocale/Info.plist;
				INFOPLIST_KEY_NSHumanReadableCopyright = "";
				LD_RUNPATH_SEARCH_PATHS = (
					"$(inherited)",
					"@executable_path/../Frameworks",
				);
				MARKETING_VERSION = 1.0;
				PRODUCT_BUNDLE_IDENTIFIER = br.com.rafa.EasyLocale;
				PRODUCT_NAME = "$(TARGET_NAME)";
				SWIFT_EMIT_LOC_STRINGS = YES;
				SWIFT_VERSION = 5.0;
			};
			name = Release;
		};
		924455F42A4B081E0043C48D /* Debug */ = {
			isa = XCBuildConfiguration;
			buildSettings = {
				ALWAYS_EMBED_SWIFT_STANDARD_LIBRARIES = YES;
				BUNDLE_LOADER = "$(TEST_HOST)";
				CODE_SIGN_STYLE = Automatic;
				CURRENT_PROJECT_VERSION = 1;
				GENERATE_INFOPLIST_FILE = YES;
				MACOSX_DEPLOYMENT_TARGET = 13.1;
				MARKETING_VERSION = 1.0;
				PRODUCT_BUNDLE_IDENTIFIER = br.com.rafa.EasyLocaleTests;
				PRODUCT_NAME = "$(TARGET_NAME)";
				SWIFT_EMIT_LOC_STRINGS = NO;
				SWIFT_VERSION = 5.0;
				TEST_HOST = "$(BUILT_PRODUCTS_DIR)/EasyLocale.app/$(BUNDLE_EXECUTABLE_FOLDER_PATH)/EasyLocale";
			};
			name = Debug;
		};
		924455F52A4B081E0043C48D /* Release */ = {
			isa = XCBuildConfiguration;
			buildSettings = {
				ALWAYS_EMBED_SWIFT_STANDARD_LIBRARIES = YES;
				BUNDLE_LOADER = "$(TEST_HOST)";
				CODE_SIGN_STYLE = Automatic;
				CURRENT_PROJECT_VERSION = 1;
				GENERATE_INFOPLIST_FILE = YES;
				MACOSX_DEPLOYMENT_TARGET = 13.1;
				MARKETING_VERSION = 1.0;
				PRODUCT_BUNDLE_IDENTIFIER = br.com.rafa.EasyLocaleTests;
				PRODUCT_NAME = "$(TARGET_NAME)";
				SWIFT_EMIT_LOC_STRINGS = NO;
				SWIFT_VERSION = 5.0;
				TEST_HOST = "$(BUILT_PRODUCTS_DIR)/EasyLocale.app/$(BUNDLE_EXECUTABLE_FOLDER_PATH)/EasyLocale";
			};
			name = Release;
		};
		924455F72A4B081E0043C48D /* Debug */ = {
			isa = XCBuildConfiguration;
			buildSettings = {
				ALWAYS_EMBED_SWIFT_STANDARD_LIBRARIES = YES;
				CODE_SIGN_STYLE = Automatic;
				CURRENT_PROJECT_VERSION = 1;
				GENERATE_INFOPLIST_FILE = YES;
				MARKETING_VERSION = 1.0;
				PRODUCT_BUNDLE_IDENTIFIER = br.com.rafa.EasyLocaleUITests;
				PRODUCT_NAME = "$(TARGET_NAME)";
				SWIFT_EMIT_LOC_STRINGS = NO;
				SWIFT_VERSION = 5.0;
				TEST_TARGET_NAME = EasyLocale;
			};
			name = Debug;
		};
		924455F82A4B081E0043C48D /* Release */ = {
			isa = XCBuildConfiguration;
			buildSettings = {
				ALWAYS_EMBED_SWIFT_STANDARD_LIBRARIES = YES;
				CODE_SIGN_STYLE = Automatic;
				CURRENT_PROJECT_VERSION = 1;
				GENERATE_INFOPLIST_FILE = YES;
				MARKETING_VERSION = 1.0;
				PRODUCT_BUNDLE_IDENTIFIER = br.com.rafa.EasyLocaleUITests;
				PRODUCT_NAME = "$(TARGET_NAME)";
				SWIFT_EMIT_LOC_STRINGS = NO;
				SWIFT_VERSION = 5.0;
				TEST_TARGET_NAME = EasyLocale;
			};
			name = Release;
		};
/* End XCBuildConfiguration section */

/* Begin XCConfigurationList section */
		924455C62A4B081B0043C48D /* Build configuration list for PBXProject "EasyLocale" */ = {
			isa = XCConfigurationList;
			buildConfigurations = (
				924455EE2A4B081E0043C48D /* Debug */,
				924455EF2A4B081E0043C48D /* Release */,
			);
			defaultConfigurationIsVisible = 0;
			defaultConfigurationName = Release;
		};
		924455F02A4B081E0043C48D /* Build configuration list for PBXNativeTarget "EasyLocale" */ = {
			isa = XCConfigurationList;
			buildConfigurations = (
				924455F12A4B081E0043C48D /* Debug */,
				924455F22A4B081E0043C48D /* Release */,
			);
			defaultConfigurationIsVisible = 0;
			defaultConfigurationName = Release;
		};
		924455F32A4B081E0043C48D /* Build configuration list for PBXNativeTarget "EasyLocaleTests" */ = {
			isa = XCConfigurationList;
			buildConfigurations = (
				924455F42A4B081E0043C48D /* Debug */,
				924455F52A4B081E0043C48D /* Release */,
			);
			defaultConfigurationIsVisible = 0;
			defaultConfigurationName = Release;
		};
		924455F62A4B081E0043C48D /* Build configuration list for PBXNativeTarget "EasyLocaleUITests" */ = {
			isa = XCConfigurationList;
			buildConfigurations = (
				924455F72A4B081E0043C48D /* Debug */,
				924455F82A4B081E0043C48D /* Release */,
			);
			defaultConfigurationIsVisible = 0;
			defaultConfigurationName = Release;
		};
/* End XCConfigurationList section */
	};
	rootObject = 924455C32A4B081B0043C48D /* Project object */;
}
